# This file is automatically @generated by Cargo.
# It is not intended for manual editing.
version = 4

[[package]]
name = "fastcgi"
version = "1.0.0"
source = "registry+https://github.com/rust-lang/crates.io-index"
checksum = "c4159a0f48bea0281602e508eb070d7d7ba1f6ac2480f9db1a60a39274aea1cc"
dependencies = [
 "libc",
]

[[package]]
name = "fcgi-hello"
version = "0.1.0"
dependencies = [
 "fastcgi",
]

[[package]]
name = "libc"
version = "0.2.176"
source = "registry+https://github.com/rust-lang/crates.io-index"
checksum = "58f929b4d672ea937a23a1ab494143d968337a5f47e56d0815df1e0890ddf174"
